{
  "name": "css-utils-js",
  "version": "1.0.4",
  "lockfileVersion": 2,
  "requires": true,
  "packages": {
    "": {
      "version": "1.0.4",
      "license": "MIT",
      "dependencies": {
        "referentiel": "^1.0.3"
      }
    },
    "node_modules/referentiel": {
      "version": "1.0.3",
      "resolved": "https://registry.npmjs.org/referentiel/-/referentiel-1.0.3.tgz",
      "integrity": "sha512-RGzw9J8gfTPlFC9fjR9zHunak0YgopzCyY/eAqaMLKhLEl4m4NtsAUoSAekvNxfio3vf06PB1q2ihfI+UBqMJA=="
    }
  },
  "dependencies": {
    "referentiel": {
      "version": "1.0.3",
      "resolved": "https://registry.npmjs.org/referentiel/-/referentiel-1.0.3.tgz",
      "integrity": "sha512-RGzw9J8gfTPlFC9fjR9zHunak0YgopzCyY/eAqaMLKhLEl4m4NtsAUoSAekvNxfio3vf06PB1q2ihfI+UBqMJA=="
    }
  }
}
